<?xml version="1.0" encoding="utf-8"?>
<Project ToolsVersion="4.0" xmlns="http://schemas.microsoft.com/developer/msbuild/2003">
  <ItemGroup>
    <Filter Include="src">
      <UniqueIdentifier>{b85bb387-5afa-4daa-97f3-ab2302665d7f}</UniqueIdentifier>
    </Filter>
  </ItemGroup>
  <ItemGroup>
    <ClCompile Include="SandboxMain.cpp">
      <Filter>src</Filter>
    </ClCompile>
  </ItemGroup>
  <ItemGroup>
    <ClInclude Include="UnlitMaterial.h">
      <Filter>src</Filter>
    </ClInclude>
    <ClInclude Include="InvertColorEffect.h">
      <Filter>src</Filter>
    </ClInclude>
    <ClInclude Include="PixelationEffect.h">
      <Filter>src</Filter>
    </ClInclude>
  </ItemGroup>
</Project>