<?xml version="1.0" encoding="utf-8"?>
<Project ToolsVersion="4.0" xmlns="http://schemas.microsoft.com/developer/msbuild/2003">
  <ItemGroup>
    <Filter Include="src">
      <UniqueIdentifier>{21facc7c-c1be-4708-bb33-23227a486214}</UniqueIdentifier>
    </Filter>
    <Filter Include="src\Gel">
      <UniqueIdentifier>{9b510e1f-58f0-495a-9f2c-2f68e312fb49}</UniqueIdentifier>
    </Filter>
    <Filter Include="src\Gel\ResourceClasses">
      <UniqueIdentifier>{c24f783b-927b-4eec-a536-17fc4d395396}</UniqueIdentifier>
    </Filter>
    <Filter Include="src\Gel\Components">
      <UniqueIdentifier>{c389c3f5-ec0d-4fac-a259-d8d132956456}</UniqueIdentifier>
    </Filter>
  </ItemGroup>
  <ItemGroup>
    <ClInclude Include="Core.h">
      <Filter>src\Gel</Filter>
    </ClInclude>
    <ClInclude Include="Application.h">
      <Filter>src\Gel</Filter>
    </ClInclude>
    <ClInclude Include="Gel.h">
      <Filter>src</Filter>
    </ClInclude>
    <ClInclude Include="EntryPoint.h">
      <Filter>src</Filter>
    </ClInclude>
    <ClInclude Include="EngineHandler.h">
      <Filter>src\Gel</Filter>
    </ClInclude>
    <ClInclude Include="RenderSettings.h">
      <Filter>src\Gel</Filter>
    </ClInclude>
    <ClInclude Include="Input.h">
      <Filter>src\Gel</Filter>
    </ClInclude>
    <ClInclude Include="Texture.h">
      <Filter>src\Gel\ResourceClasses</Filter>
    </ClInclude>
    <ClInclude Include="Mesh.h">
      <Filter>src\Gel\ResourceClasses</Filter>
    </ClInclude>
    <ClInclude Include="Model.h">
      <Filter>src\Gel\ResourceClasses</Filter>
    </ClInclude>
    <ClInclude Include="Shader.h">
      <Filter>src\Gel\ResourceClasses</Filter>
    </ClInclude>
    <ClInclude Include="DefaultShader.h">
      <Filter>src\Gel\ResourceClasses</Filter>
    </ClInclude>
    <ClInclude Include="Material.h">
      <Filter>src\Gel\ResourceClasses</Filter>
    </ClInclude>
    <ClInclude Include="System.h">
      <Filter>src\Gel</Filter>
    </ClInclude>
    <ClInclude Include="Transform.h">
      <Filter>src\Gel</Filter>
    </ClInclude>
    <ClInclude Include="Camera.h">
      <Filter>src\Gel</Filter>
    </ClInclude>
    <ClInclude Include="ResourceManager.h">
      <Filter>src\Gel\ResourceClasses</Filter>
    </ClInclude>
    <ClInclude Include="TextureContainer.h">
      <Filter>src\Gel\ResourceClasses</Filter>
    </ClInclude>
    <ClInclude Include="ModelContainer.h">
      <Filter>src\Gel\ResourceClasses</Filter>
    </ClInclude>
    <ClInclude Include="ShaderContainer.h">
      <Filter>src\Gel\ResourceClasses</Filter>
    </ClInclude>
    <ClInclude Include="Component.h">
      <Filter>src\Gel\Components</Filter>
    </ClInclude>
    <ClInclude Include="SceneObject.h">
      <Filter>src\Gel</Filter>
    </ClInclude>
    <ClInclude Include="ModelRendererComponent.h">
      <Filter>src\Gel\Components</Filter>
    </ClInclude>
    <ClInclude Include="PhysicsEngine.h">
      <Filter>src\Gel</Filter>
    </ClInclude>
    <ClInclude Include="RigidBodyComponent.h">
      <Filter>src\Gel\Components</Filter>
    </ClInclude>
    <ClInclude Include="CameraComponent.h">
      <Filter>src\Gel\Components</Filter>
    </ClInclude>
  </ItemGroup>
  <ItemGroup>
    <ClCompile Include="Application.cpp">
      <Filter>src\Gel</Filter>
    </ClCompile>
    <ClCompile Include="EngineHandler.cpp">
      <Filter>src\Gel</Filter>
    </ClCompile>
    <ClCompile Include="RenderSettings.cpp">
      <Filter>src\Gel</Filter>
    </ClCompile>
    <ClCompile Include="Input.cpp">
      <Filter>src\Gel</Filter>
    </ClCompile>
    <ClCompile Include="Texture.cpp">
      <Filter>src\Gel\ResourceClasses</Filter>
    </ClCompile>
    <ClCompile Include="Mesh.cpp">
      <Filter>src\Gel\ResourceClasses</Filter>
    </ClCompile>
    <ClCompile Include="Model.cpp">
      <Filter>src\Gel\ResourceClasses</Filter>
    </ClCompile>
    <ClCompile Include="Shader.cpp">
      <Filter>src\Gel\ResourceClasses</Filter>
    </ClCompile>
    <ClCompile Include="DefaultShader.cpp">
      <Filter>src\Gel\ResourceClasses</Filter>
    </ClCompile>
    <ClCompile Include="Material.cpp">
      <Filter>src\Gel\ResourceClasses</Filter>
    </ClCompile>
    <ClCompile Include="System.cpp">
      <Filter>src\Gel</Filter>
    </ClCompile>
    <ClCompile Include="Transform.cpp">
      <Filter>src\Gel</Filter>
    </ClCompile>
    <ClCompile Include="Camera.cpp">
      <Filter>src\Gel</Filter>
    </ClCompile>
    <ClCompile Include="ResourceManager.cpp">
      <Filter>src\Gel\ResourceClasses</Filter>
    </ClCompile>
    <ClCompile Include="ModelContainer.cpp">
      <Filter>src\Gel\ResourceClasses</Filter>
    </ClCompile>
    <ClCompile Include="TextureContainer.cpp">
      <Filter>src\Gel\ResourceClasses</Filter>
    </ClCompile>
    <ClCompile Include="ShaderContainer.cpp">
      <Filter>src\Gel\ResourceClasses</Filter>
    </ClCompile>
    <ClCompile Include="Component.cpp">
      <Filter>src\Gel\Components</Filter>
    </ClCompile>
    <ClCompile Include="SceneObject.cpp">
      <Filter>src\Gel</Filter>
    </ClCompile>
    <ClCompile Include="ModelRendererComponent.cpp">
      <Filter>src\Gel\Components</Filter>
    </ClCompile>
    <ClCompile Include="PhysicsEngine.cpp">
      <Filter>src\Gel</Filter>
    </ClCompile>
    <ClCompile Include="RigidBodyComponent.cpp">
      <Filter>src\Gel\Components</Filter>
    </ClCompile>
    <ClCompile Include="CameraComponent.cpp">
      <Filter>src\Gel\Components</Filter>
    </ClCompile>
  </ItemGroup>
</Project>